Microsoft Visual Studio Solution File, Format Version 12.00
# Visual Studio Version 17
VisualStudioVersion = 17.5.2.0
MinimumVisualStudioVersion = 10.0.40219.1
Project("{FAE04EC0-301F-11D3-BF4B-00C04F79EFBC}") = "EX04", "EX04.csproj", "{7862F60D-F963-79EB-B555-2C418CA7FED6}"
EndProject
Global
	GlobalSection(SolutionConfigurationPlatforms) = preSolution
		Debug|Any CPU = Debug|Any CPU
		Release|Any CPU = Release|Any CPU
	EndGlobalSection
	GlobalSection(ProjectConfigurationPlatforms) = postSolution
		{7862F60D-F963-79EB-B555-2C418CA7FED6}.Debug|Any CPU.ActiveCfg = Debug|Any CPU
		{7862F60D-F963-79EB-B555-2C418CA7FED6}.Debug|Any CPU.Build.0 = Debug|Any CPU
		{7862F60D-F963-79EB-B555-2C418CA7FED6}.Release|Any CPU.ActiveCfg = Release|Any CPU
		{7862F60D-F963-79EB-B555-2C418CA7FED6}.Release|Any CPU.Build.0 = Release|Any CPU
	EndGlobalSection
	GlobalSection(SolutionProperties) = preSolution
		HideSolutionNode = FALSE
	EndGlobalSection
	GlobalSection(ExtensibilityGlobals) = postSolution
		SolutionGuid = {600C595D-7DD8-48AD-857E-3B0CA19C69D7}
	EndGlobalSection
EndGlobal
